
Microsoft Visual Studio Solution File, Format Version 12.00
# Visual Studio Version 17
VisualStudioVersion = 17.0.31903.59
MinimumVisualStudioVersion = 10.0.40219.1
Project("{2150E333-8FDC-42A3-9474-1A3956D46DE8}") = "BANA", "BANA", "{B33E7CBE-F33B-451D-8DE6-2E43B71FCF85}"
EndProject
Project("{FAE04EC0-301F-11D3-BF4B-00C04F79EFBC}") = "BANARCL", "BANA\BANARCL\BANARCL.csproj", "{7D5191B3-49A5-416F-A471-50DF0F6ABFC6}"
EndProject
Project("{FAE04EC0-301F-11D3-BF4B-00C04F79EFBC}") = "Juegecitos.BANA", "Juegecitos.BANA\Juegecitos.BANA.csproj", "{776A18B7-6B72-423B-A5E8-53943EB9768F}"
EndProject
Global
	GlobalSection(SolutionConfigurationPlatforms) = preSolution
		Debug|Any CPU = Debug|Any CPU
		Release|Any CPU = Release|Any CPU
	EndGlobalSection
	GlobalSection(SolutionProperties) = preSolution
		HideSolutionNode = FALSE
	EndGlobalSection
	GlobalSection(ProjectConfigurationPlatforms) = postSolution
		{7D5191B3-49A5-416F-A471-50DF0F6ABFC6}.Debug|Any CPU.ActiveCfg = Debug|Any CPU
		{7D5191B3-49A5-416F-A471-50DF0F6ABFC6}.Debug|Any CPU.Build.0 = Debug|Any CPU
		{7D5191B3-49A5-416F-A471-50DF0F6ABFC6}.Release|Any CPU.ActiveCfg = Release|Any CPU
		{7D5191B3-49A5-416F-A471-50DF0F6ABFC6}.Release|Any CPU.Build.0 = Release|Any CPU
		{776A18B7-6B72-423B-A5E8-53943EB9768F}.Debug|Any CPU.ActiveCfg = Debug|Any CPU
		{776A18B7-6B72-423B-A5E8-53943EB9768F}.Debug|Any CPU.Build.0 = Debug|Any CPU
		{776A18B7-6B72-423B-A5E8-53943EB9768F}.Release|Any CPU.ActiveCfg = Release|Any CPU
		{776A18B7-6B72-423B-A5E8-53943EB9768F}.Release|Any CPU.Build.0 = Release|Any CPU
	EndGlobalSection
	GlobalSection(NestedProjects) = preSolution
		{7D5191B3-49A5-416F-A471-50DF0F6ABFC6} = {B33E7CBE-F33B-451D-8DE6-2E43B71FCF85}
	EndGlobalSection
EndGlobal
