
Microsoft Visual Studio Solution File, Format Version 12.00
# Visual Studio Version 16
VisualStudioVersion = 16.0.30204.135
MinimumVisualStudioVersion = 10.0.40219.1
Project("{9A19103F-16F7-4668-BE54-9A1E7A4F7556}") = "SDL2.NETCore", "SDL2\SDL2.NETCore.csproj", "{7178E927-A442-4D82-8F09-8152AD107BF0}"
EndProject
Project("{9A19103F-16F7-4668-BE54-9A1E7A4F7556}") = "Juegecitos.Core", "Juegecitos.Core\Juegecitos.Core.csproj", "{B25A597A-D11A-4AD6-820E-C5936898DEF6}"
EndProject
Project("{9A19103F-16F7-4668-BE54-9A1E7A4F7556}") = "Juegecitos.JetPac", "Juegecitos.JetPac\Juegecitos.JetPac.csproj", "{882351D2-9557-47A8-958A-210FFE9C4273}"
EndProject
Project("{FAE04EC0-301F-11D3-BF4B-00C04F79EFBC}") = "Juegecitos.Blazor", "Juegecitos.Blazor\Juegecitos.Blazor.csproj", "{DD6A7E9B-74AF-47C9-AF30-FB66B58FA5FB}"
EndProject
Global
	GlobalSection(SolutionConfigurationPlatforms) = preSolution
		Debug|Any CPU = Debug|Any CPU
		Debug|x86 = Debug|x86
		Release|Any CPU = Release|Any CPU
		Release|x86 = Release|x86
	EndGlobalSection
	GlobalSection(ProjectConfigurationPlatforms) = postSolution
		{7178E927-A442-4D82-8F09-8152AD107BF0}.Debug|Any CPU.ActiveCfg = Debug|Any CPU
		{7178E927-A442-4D82-8F09-8152AD107BF0}.Debug|Any CPU.Build.0 = Debug|Any CPU
		{7178E927-A442-4D82-8F09-8152AD107BF0}.Debug|x86.ActiveCfg = Debug|Any CPU
		{7178E927-A442-4D82-8F09-8152AD107BF0}.Debug|x86.Build.0 = Debug|Any CPU
		{7178E927-A442-4D82-8F09-8152AD107BF0}.Release|Any CPU.ActiveCfg = Release|Any CPU
		{7178E927-A442-4D82-8F09-8152AD107BF0}.Release|Any CPU.Build.0 = Release|Any CPU
		{7178E927-A442-4D82-8F09-8152AD107BF0}.Release|x86.ActiveCfg = Release|Any CPU
		{7178E927-A442-4D82-8F09-8152AD107BF0}.Release|x86.Build.0 = Release|Any CPU
		{B25A597A-D11A-4AD6-820E-C5936898DEF6}.Debug|Any CPU.ActiveCfg = Debug|Any CPU
		{B25A597A-D11A-4AD6-820E-C5936898DEF6}.Debug|Any CPU.Build.0 = Debug|Any CPU
		{B25A597A-D11A-4AD6-820E-C5936898DEF6}.Debug|x86.ActiveCfg = Debug|Any CPU
		{B25A597A-D11A-4AD6-820E-C5936898DEF6}.Debug|x86.Build.0 = Debug|Any CPU
		{B25A597A-D11A-4AD6-820E-C5936898DEF6}.Release|Any CPU.ActiveCfg = Release|Any CPU
		{B25A597A-D11A-4AD6-820E-C5936898DEF6}.Release|Any CPU.Build.0 = Release|Any CPU
		{B25A597A-D11A-4AD6-820E-C5936898DEF6}.Release|x86.ActiveCfg = Release|Any CPU
		{B25A597A-D11A-4AD6-820E-C5936898DEF6}.Release|x86.Build.0 = Release|Any CPU
		{882351D2-9557-47A8-958A-210FFE9C4273}.Debug|Any CPU.ActiveCfg = Debug|Any CPU
		{882351D2-9557-47A8-958A-210FFE9C4273}.Debug|Any CPU.Build.0 = Debug|Any CPU
		{882351D2-9557-47A8-958A-210FFE9C4273}.Debug|x86.ActiveCfg = Debug|Any CPU
		{882351D2-9557-47A8-958A-210FFE9C4273}.Debug|x86.Build.0 = Debug|Any CPU
		{882351D2-9557-47A8-958A-210FFE9C4273}.Release|Any CPU.ActiveCfg = Release|Any CPU
		{882351D2-9557-47A8-958A-210FFE9C4273}.Release|Any CPU.Build.0 = Release|Any CPU
		{882351D2-9557-47A8-958A-210FFE9C4273}.Release|x86.ActiveCfg = Release|Any CPU
		{882351D2-9557-47A8-958A-210FFE9C4273}.Release|x86.Build.0 = Release|Any CPU
		{DD6A7E9B-74AF-47C9-AF30-FB66B58FA5FB}.Debug|Any CPU.ActiveCfg = Debug|Any CPU
		{DD6A7E9B-74AF-47C9-AF30-FB66B58FA5FB}.Debug|Any CPU.Build.0 = Debug|Any CPU
		{DD6A7E9B-74AF-47C9-AF30-FB66B58FA5FB}.Debug|x86.ActiveCfg = Debug|Any CPU
		{DD6A7E9B-74AF-47C9-AF30-FB66B58FA5FB}.Debug|x86.Build.0 = Debug|Any CPU
		{DD6A7E9B-74AF-47C9-AF30-FB66B58FA5FB}.Release|Any CPU.ActiveCfg = Release|Any CPU
		{DD6A7E9B-74AF-47C9-AF30-FB66B58FA5FB}.Release|Any CPU.Build.0 = Release|Any CPU
		{DD6A7E9B-74AF-47C9-AF30-FB66B58FA5FB}.Release|x86.ActiveCfg = Release|Any CPU
		{DD6A7E9B-74AF-47C9-AF30-FB66B58FA5FB}.Release|x86.Build.0 = Release|Any CPU
	EndGlobalSection
	GlobalSection(SolutionProperties) = preSolution
		HideSolutionNode = FALSE
	EndGlobalSection
	GlobalSection(ExtensibilityGlobals) = postSolution
		SolutionGuid = {BB062C2C-21A6-4D49-87A7-B3E5F2B5AA20}
	EndGlobalSection
EndGlobal
